
Microsoft Visual Studio Solution File, Format Version 12.00
# Visual Studio Version 17
VisualStudioVersion = 17.7.33927.210
MinimumVisualStudioVersion = 10.0.40219.1
Project("{FAE04EC0-301F-11D3-BF4B-00C04F79EFBC}") = "WpfApp2", "WpfApp2\WpfApp2.csproj", "{D3371EAE-1B5C-427D-B1A4-1B7D6D1BEFBC}"
EndProject
Global
	GlobalSection(SolutionConfigurationPlatforms) = preSolution
		Debug|Any CPU = Debug|Any CPU
		Release|Any CPU = Release|Any CPU
	EndGlobalSection
	GlobalSection(ProjectConfigurationPlatforms) = postSolution
		{D3371EAE-1B5C-427D-B1A4-1B7D6D1BEFBC}.Debug|Any CPU.ActiveCfg = Debug|Any CPU
		{D3371EAE-1B5C-427D-B1A4-1B7D6D1BEFBC}.Debug|Any CPU.Build.0 = Debug|Any CPU
		{D3371EAE-1B5C-427D-B1A4-1B7D6D1BEFBC}.Release|Any CPU.ActiveCfg = Release|Any CPU
		{D3371EAE-1B5C-427D-B1A4-1B7D6D1BEFBC}.Release|Any CPU.Build.0 = Release|Any CPU
	EndGlobalSection
	GlobalSection(SolutionProperties) = preSolution
		HideSolutionNode = FALSE
	EndGlobalSection
	GlobalSection(ExtensibilityGlobals) = postSolution
		SolutionGuid = {F19DE0B1-EC19-4891-99F4-DED8CF946B83}
	EndGlobalSection
EndGlobal
